
Microsoft Visual Studio Solution File, Format Version 12.00
# Visual Studio Version 16
VisualStudioVersion = 16.0.29418.71
MinimumVisualStudioVersion = 10.0.40219.1
Project("{FAE04EC0-301F-11D3-BF4B-00C04F79EFBC}") = "umpggk-biernat-hosumbek", "umpggk-biernat-hosumbek.csproj", "{CF8BBF71-DE76-4021-A6AA-7B651382731F}"
EndProject
Global
	GlobalSection(SolutionConfigurationPlatforms) = preSolution
		Debug|Any CPU = Debug|Any CPU
		Release|Any CPU = Release|Any CPU
	EndGlobalSection
	GlobalSection(ProjectConfigurationPlatforms) = postSolution
		{CF8BBF71-DE76-4021-A6AA-7B651382731F}.Debug|Any CPU.ActiveCfg = Debug|Any CPU
		{CF8BBF71-DE76-4021-A6AA-7B651382731F}.Debug|Any CPU.Build.0 = Debug|Any CPU
		{CF8BBF71-DE76-4021-A6AA-7B651382731F}.Release|Any CPU.ActiveCfg = Release|Any CPU
		{CF8BBF71-DE76-4021-A6AA-7B651382731F}.Release|Any CPU.Build.0 = Release|Any CPU
	EndGlobalSection
	GlobalSection(SolutionProperties) = preSolution
		HideSolutionNode = FALSE
	EndGlobalSection
	GlobalSection(ExtensibilityGlobals) = postSolution
		SolutionGuid = {84A0FA43-0448-477F-9E3C-9791BBA77994}
	EndGlobalSection
EndGlobal
